
Microsoft Visual Studio Solution File, Format Version 12.00
# Visual Studio Version 16
VisualStudioVersion = 16.0.29728.190
MinimumVisualStudioVersion = 10.0.40219.1
Project("{FAE04EC0-301F-11D3-BF4B-00C04F79EFBC}") = "GreenvilleRevenueGUI", "GreenvilleRevenueGUI\GreenvilleRevenueGUI.csproj", "{B4EC3A2B-6BEE-46E2-B8F9-C8BCD09DFD0E}"
EndProject
Global
	GlobalSection(SolutionConfigurationPlatforms) = preSolution
		Debug|Any CPU = Debug|Any CPU
		Release|Any CPU = Release|Any CPU
	EndGlobalSection
	GlobalSection(ProjectConfigurationPlatforms) = postSolution
		{B4EC3A2B-6BEE-46E2-B8F9-C8BCD09DFD0E}.Debug|Any CPU.ActiveCfg = Debug|Any CPU
		{B4EC3A2B-6BEE-46E2-B8F9-C8BCD09DFD0E}.Debug|Any CPU.Build.0 = Debug|Any CPU
		{B4EC3A2B-6BEE-46E2-B8F9-C8BCD09DFD0E}.Release|Any CPU.ActiveCfg = Release|Any CPU
		{B4EC3A2B-6BEE-46E2-B8F9-C8BCD09DFD0E}.Release|Any CPU.Build.0 = Release|Any CPU
	EndGlobalSection
	GlobalSection(SolutionProperties) = preSolution
		HideSolutionNode = FALSE
	EndGlobalSection
	GlobalSection(ExtensibilityGlobals) = postSolution
		SolutionGuid = {92879150-DA09-4A3C-B98C-2020D77F40D2}
	EndGlobalSection
EndGlobal
